
Microsoft Visual Studio Solution File, Format Version 12.00
# Visual Studio Version 17
VisualStudioVersion = 17.6.33815.320
MinimumVisualStudioVersion = 10.0.40219.1
Project("{FAE04EC0-301F-11D3-BF4B-00C04F79EFBC}") = "FileReading", "FileReading\FileReading.csproj", "{DF763A59-B672-4A51-A06F-7029F7052406}"
EndProject
Project("{FAE04EC0-301F-11D3-BF4B-00C04F79EFBC}") = "FileReading.TestProject", "TestProject1\FileReading.TestProject.csproj", "{4D3D7DB9-BB6C-471B-AE97-778BE167BC6C}"
EndProject
Global
	GlobalSection(SolutionConfigurationPlatforms) = preSolution
		Debug|Any CPU = Debug|Any CPU
		Release|Any CPU = Release|Any CPU
	EndGlobalSection
	GlobalSection(ProjectConfigurationPlatforms) = postSolution
		{DF763A59-B672-4A51-A06F-7029F7052406}.Debug|Any CPU.ActiveCfg = Debug|Any CPU
		{DF763A59-B672-4A51-A06F-7029F7052406}.Debug|Any CPU.Build.0 = Debug|Any CPU
		{DF763A59-B672-4A51-A06F-7029F7052406}.Release|Any CPU.ActiveCfg = Release|Any CPU
		{DF763A59-B672-4A51-A06F-7029F7052406}.Release|Any CPU.Build.0 = Release|Any CPU
		{4D3D7DB9-BB6C-471B-AE97-778BE167BC6C}.Debug|Any CPU.ActiveCfg = Debug|Any CPU
		{4D3D7DB9-BB6C-471B-AE97-778BE167BC6C}.Debug|Any CPU.Build.0 = Debug|Any CPU
		{4D3D7DB9-BB6C-471B-AE97-778BE167BC6C}.Release|Any CPU.ActiveCfg = Release|Any CPU
		{4D3D7DB9-BB6C-471B-AE97-778BE167BC6C}.Release|Any CPU.Build.0 = Release|Any CPU
	EndGlobalSection
	GlobalSection(SolutionProperties) = preSolution
		HideSolutionNode = FALSE
	EndGlobalSection
	GlobalSection(ExtensibilityGlobals) = postSolution
		SolutionGuid = {65E2FEE2-9CC9-44E7-9C9C-90AD73F623C0}
	EndGlobalSection
EndGlobal
